speakeasyVersion: 1.791.0
sources:
    versedb-api:
        sourceNamespace: versedb-api
        sourceRevisionDigest: sha256:c899824150c4f62fc01e8b1b7c8e38ae9e87dcf414c376918d4b3abe45f89a62
        sourceBlobDigest: sha256:fd0fd2f9c54de252f7f8d938b5a22e836261bdccc2af1b167b254923c761c956
        tags:
            - latest
            - 1.0.0
targets:
    typescript:
        source: versedb-api
        sourceNamespace: versedb-api
        sourceRevisionDigest: sha256:c899824150c4f62fc01e8b1b7c8e38ae9e87dcf414c376918d4b3abe45f89a62
        sourceBlobDigest: sha256:fd0fd2f9c54de252f7f8d938b5a22e836261bdccc2af1b167b254923c761c956
        codeSamplesNamespace: versedb-api-typescript-code-samples
        codeSamplesRevisionDigest: sha256:0271bd1ed5c9a48260d1f528fb8472067e94b334961bbb426f64ee9a6abd2b22
workflow:
    workflowVersion: 1.0.0
    speakeasyVersion: latest
    sources:
        versedb-api:
            inputs:
                - location: https://versedb.com/api/docs.openapi
            registry:
                location: registry.speakeasyapi.dev/versedb/versedb/versedb-api
    targets:
        typescript:
            target: typescript
            source: versedb-api
            output: .
            publish:
                npm:
                    token: $npm_token
            codeSamples:
                registry:
                    location: registry.speakeasyapi.dev/versedb/versedb/versedb-api-typescript-code-samples
                labelOverride:
                    fixedValue: Typescript (SDK)
                blocking: false
