speakeasyVersion: 1.791.4
sources:
    versedb-api:
        sourceNamespace: versedb-api
        sourceRevisionDigest: sha256:f427b8d2a0be732b7663b463f7a6eeb017db854a4485f26b26b11d5b7b4a6a4f
        sourceBlobDigest: sha256:865f99e23aab02959726da524ecacc0036fc163939599f51de899058eaaf6988
        tags:
            - latest
            - 1.0.0
targets:
    typescript:
        source: versedb-api
        sourceNamespace: versedb-api
        sourceRevisionDigest: sha256:f427b8d2a0be732b7663b463f7a6eeb017db854a4485f26b26b11d5b7b4a6a4f
        sourceBlobDigest: sha256:865f99e23aab02959726da524ecacc0036fc163939599f51de899058eaaf6988
        codeSamplesNamespace: versedb-api-typescript-code-samples
        codeSamplesRevisionDigest: sha256:9cb8ab9f28c161456c001fda040deac8697cf521fd19343a63333637600bd4f6
workflow:
    workflowVersion: 1.0.0
    speakeasyVersion: latest
    sources:
        versedb-api:
            inputs:
                - location: https://versedb.com/api/docs.openapi
            registry:
                location: registry.speakeasyapi.dev/versedb/versedb/versedb-api
    targets:
        typescript:
            target: typescript
            source: versedb-api
            output: .
            publish:
                npm:
                    token: $npm_token
            codeSamples:
                registry:
                    location: registry.speakeasyapi.dev/versedb/versedb/versedb-api-typescript-code-samples
                labelOverride:
                    fixedValue: Typescript (SDK)
                blocking: false
