speakeasyVersion: 1.792.0
sources:
    versedb-api:
        sourceNamespace: versedb-api
        sourceRevisionDigest: sha256:5089856d6023acbd08c1fa17684af5d30a3859281cea0e140da7f49823eaaef4
        sourceBlobDigest: sha256:75314fab986414dd1e43a1b6de27e97e296640473d1d77f0ce39d32e4696680f
        tags:
            - latest
            - 1.0.0
targets:
    typescript:
        source: versedb-api
        sourceNamespace: versedb-api
        sourceRevisionDigest: sha256:5089856d6023acbd08c1fa17684af5d30a3859281cea0e140da7f49823eaaef4
        sourceBlobDigest: sha256:75314fab986414dd1e43a1b6de27e97e296640473d1d77f0ce39d32e4696680f
        codeSamplesNamespace: versedb-api-typescript-code-samples
        codeSamplesRevisionDigest: sha256:a003778058e5c988bbdbabba59beadb77fb67c0bce58d5ae2bc11ba4be60c697
workflow:
    workflowVersion: 1.0.0
    speakeasyVersion: latest
    sources:
        versedb-api:
            inputs:
                - location: https://versedb.com/api/docs.openapi
            registry:
                location: registry.speakeasyapi.dev/versedb/versedb/versedb-api
    targets:
        typescript:
            target: typescript
            source: versedb-api
            output: .
            publish:
                npm:
                    token: $npm_token
            codeSamples:
                registry:
                    location: registry.speakeasyapi.dev/versedb/versedb/versedb-api-typescript-code-samples
                labelOverride:
                    fixedValue: Typescript (SDK)
                blocking: false
